// !$*UTF8*$!
{
	archiveVersion = 1;
	classes = {
	};
	objectVersion = 46;
	objects = {

/* Begin PBXBuildFile section */
		DF616D671A776AEC00733B9A /* MJConst.m in Sources */ = {isa = PBXBuildFile; fileRef = DF616D591A776AEC00733B9A /* MJConst.m */; };
		DF616D681A776AEC00733B9A /* MJFoundation.m in Sources */ = {isa = PBXBuildFile; fileRef = DF616D5C1A776AEC00733B9A /* MJFoundation.m */; };
		DF616D691A776AEC00733B9A /* MJIvar.m in Sources */ = {isa = PBXBuildFile; fileRef = DF616D5E1A776AEC00733B9A /* MJIvar.m */; };
		DF616D6A1A776AEC00733B9A /* MJType.m in Sources */ = {isa = PBXBuildFile; fileRef = DF616D601A776AEC00733B9A /* MJType.m */; };
		DF616D6B1A776AEC00733B9A /* NSObject+MJCoding.m in Sources */ = {isa = PBXBuildFile; fileRef = DF616D621A776AEC00733B9A /* NSObject+MJCoding.m */; };
		DF616D6C1A776AEC00733B9A /* NSObject+MJIvar.m in Sources */ = {isa = PBXBuildFile; fileRef = DF616D641A776AEC00733B9A /* NSObject+MJIvar.m */; };
		DF616D6D1A776AEC00733B9A /* NSObject+MJKeyValue.m in Sources */ = {isa = PBXBuildFile; fileRef = DF616D661A776AEC00733B9A /* NSObject+MJKeyValue.m */; };
		DFB808961A8060B3005FB46E /* net_100x70-1.png in Resources */ = {isa = PBXBuildFile; fileRef = DFB808951A8060B3005FB46E /* net_100x70-1.png */; };
		DFB8089C1A8072F6005FB46E /* RegisterVC.m in Sources */ = {isa = PBXBuildFile; fileRef = DFB8089B1A8072F6005FB46E /* RegisterVC.m */; };
		DFBC51BF1A70A1CE005F2961 /* BuyRootVC.m in Sources */ = {isa = PBXBuildFile; fileRef = DFBC51BE1A70A1CE005F2961 /* BuyRootVC.m */; };
		DFBC51C21A70A32A005F2961 /* ConnNetRootVC.m in Sources */ = {isa = PBXBuildFile; fileRef = DFBC51C11A70A32A005F2961 /* ConnNetRootVC.m */; };
		DFCBA2291A5D160A00C86EFC /* Foundation.framework in Frameworks */ = {isa = PBXBuildFile; fileRef = DFCBA2281A5D160A00C86EFC /* Foundation.framework */; };
		DFCBA22B1A5D160A00C86EFC /* CoreGraphics.framework in Frameworks */ = {isa = PBXBuildFile; fileRef = DFCBA22A1A5D160A00C86EFC /* CoreGraphics.framework */; };
		DFCBA22D1A5D160A00C86EFC /* UIKit.framework in Frameworks */ = {isa = PBXBuildFile; fileRef = DFCBA22C1A5D160A00C86EFC /* UIKit.framework */; };
		DFCBA2331A5D160A00C86EFC /* InfoPlist.strings in Resources */ = {isa = PBXBuildFile; fileRef = DFCBA2311A5D160A00C86EFC /* InfoPlist.strings */; };
		DFCBA2351A5D160A00C86EFC /* main.m in Sources */ = {isa = PBXBuildFile; fileRef = DFCBA2341A5D160A00C86EFC /* main.m */; };
		DFCBA2391A5D160A00C86EFC /* AppDelegate.m in Sources */ = {isa = PBXBuildFile; fileRef = DFCBA2381A5D160A00C86EFC /* AppDelegate.m */; };
		DFCBA23B1A5D160A00C86EFC /* Images.xcassets in Resources */ = {isa = PBXBuildFile; fileRef = DFCBA23A1A5D160A00C86EFC /* Images.xcassets */; };
		DFCBA2421A5D160A00C86EFC /* XCTest.framework in Frameworks */ = {isa = PBXBuildFile; fileRef = DFCBA2411A5D160A00C86EFC /* XCTest.framework */; };
		DFCBA2431A5D160A00C86EFC /* Foundation.framework in Frameworks */ = {isa = PBXBuildFile; fileRef = DFCBA2281A5D160A00C86EFC /* Foundation.framework */; };
		DFCBA2441A5D160A00C86EFC /* UIKit.framework in Frameworks */ = {isa = PBXBuildFile; fileRef = DFCBA22C1A5D160A00C86EFC /* UIKit.framework */; };
		DFCBA24C1A5D160A00C86EFC /* InfoPlist.strings in Resources */ = {isa = PBXBuildFile; fileRef = DFCBA24A1A5D160A00C86EFC /* InfoPlist.strings */; };
		DFCBA24E1A5D160A00C86EFC /* WlanTests.m in Sources */ = {isa = PBXBuildFile; fileRef = DFCBA24D1A5D160A00C86EFC /* WlanTests.m */; };
		DFCBA2891A5D177000C86EFC /* MoreRootVC.m in Sources */ = {isa = PBXBuildFile; fileRef = DFCBA25B1A5D177000C86EFC /* MoreRootVC.m */; };
		DFCBA28A1A5D177000C86EFC /* PersonRootVC.m in Sources */ = {isa = PBXBuildFile; fileRef = DFCBA25D1A5D177000C86EFC /* PersonRootVC.m */; };
		DFCBA28B1A5D177000C86EFC /* RootTabVC.m in Sources */ = {isa = PBXBuildFile; fileRef = DFCBA25F1A5D177000C86EFC /* RootTabVC.m */; };
		DFCBA28C1A5D177000C86EFC /* me_normal@2x.png in Resources */ = {isa = PBXBuildFile; fileRef = DFCBA2621A5D177000C86EFC /* me_normal@2x.png */; };
		DFCBA28D1A5D177000C86EFC /* me_selected@2x.png in Resources */ = {isa = PBXBuildFile; fileRef = DFCBA2631A5D177000C86EFC /* me_selected@2x.png */; };
		DFCBA28E1A5D177000C86EFC /* privatemessage_normal@2x.png in Resources */ = {isa = PBXBuildFile; fileRef = DFCBA2641A5D177000C86EFC /* privatemessage_normal@2x.png */; };
		DFCBA28F1A5D177000C86EFC /* privatemessage_selected@2x.png in Resources */ = {isa = PBXBuildFile; fileRef = DFCBA2651A5D177000C86EFC /* privatemessage_selected@2x.png */; };
		DFCBA2901A5D177000C86EFC /* tabbar_background@2x.png in Resources */ = {isa = PBXBuildFile; fileRef = DFCBA2661A5D177000C86EFC /* tabbar_background@2x.png */; };
		DFCBA2911A5D177000C86EFC /* NSData+MKBase64.m in Sources */ = {isa = PBXBuildFile; fileRef = DFCBA26B1A5D177000C86EFC /* NSData+MKBase64.m */; };
		DFCBA2921A5D177000C86EFC /* NSDate+RFC1123.m in Sources */ = {isa = PBXBuildFile; fileRef = DFCBA26D1A5D177000C86EFC /* NSDate+RFC1123.m */; };
		DFCBA2931A5D177000C86EFC /* NSDictionary+RequestEncoding.m in Sources */ = {isa = PBXBuildFile; fileRef = DFCBA26F1A5D177000C86EFC /* NSDictionary+RequestEncoding.m */; };
		DFCBA2941A5D177000C86EFC /* NSString+MKNetworkKitAdditions.m in Sources */ = {isa = PBXBuildFile; fileRef = DFCBA2711A5D177000C86EFC /* NSString+MKNetworkKitAdditions.m */; };
		DFCBA2951A5D177000C86EFC /* UIAlertView+MKNetworkKitAdditions.m in Sources */ = {isa = PBXBuildFile; fileRef = DFCBA2731A5D177000C86EFC /* UIAlertView+MKNetworkKitAdditions.m */; };
		DFCBA2961A5D177000C86EFC /* MKNetworkEngine.m in Sources */ = {isa = PBXBuildFile; fileRef = DFCBA2751A5D177000C86EFC /* MKNetworkEngine.m */; };
		DFCBA2971A5D177000C86EFC /* MKNetworkOperation.m in Sources */ = {isa = PBXBuildFile; fileRef = DFCBA2781A5D177000C86EFC /* MKNetworkOperation.m */; };
		DFCBA2981A5D177000C86EFC /* Reachability.m in Sources */ = {isa = PBXBuildFile; fileRef = DFCBA27B1A5D177000C86EFC /* Reachability.m */; };
		DFCBA2991A5D177000C86EFC /* RDVTabBar.m in Sources */ = {isa = PBXBuildFile; fileRef = DFCBA27E1A5D177000C86EFC /* RDVTabBar.m */; };
		DFCBA29A1A5D177000C86EFC /* RDVTabBarController.m in Sources */ = {isa = PBXBuildFile; fileRef = DFCBA2801A5D177000C86EFC /* RDVTabBarController.m */; };
		DFCBA29B1A5D177000C86EFC /* RDVTabBarItem.m in Sources */ = {isa = PBXBuildFile; fileRef = DFCBA2821A5D177000C86EFC /* RDVTabBarItem.m */; };
		DFCBA29C1A5D177000C86EFC /* Login.m in Sources */ = {isa = PBXBuildFile; fileRef = DFCBA2851A5D177000C86EFC /* Login.m */; };
		DFCBA29D1A5D177000C86EFC /* User.m in Sources */ = {isa = PBXBuildFile; fileRef = DFCBA2871A5D177000C86EFC /* User.m */; };
		DFCBA29F1A5D18A400C86EFC /* CFNetwork.framework in Frameworks */ = {isa = PBXBuildFile; fileRef = DFCBA29E1A5D18A400C86EFC /* CFNetwork.framework */; };
		DFCBA2A11A5D18B400C86EFC /* SystemConfiguration.framework in Frameworks */ = {isa = PBXBuildFile; fileRef = DFCBA2A01A5D18B400C86EFC /* SystemConfiguration.framework */; };
		DFCBA2A31A5D18C800C86EFC /* Security.framework in Frameworks */ = {isa = PBXBuildFile; fileRef = DFCBA2A21A5D18C800C86EFC /* Security.framework */; };
/* End PBXBuildFile section */

/* Begin PBXContainerItemProxy section */
		DFCBA2451A5D160A00C86EFC /* PBXContainerItemProxy */ = {
			isa = PBXContainerItemProxy;
			containerPortal = DFCBA21D1A5D160A00C86EFC /* Project object */;
			proxyType = 1;
			remoteGlobalIDString = DFCBA2241A5D160A00C86EFC;
			remoteInfo = Wlan;
		};
/* End PBXContainerItemProxy section */

/* Begin PBXFileReference section */
		DF616D581A776AEC00733B9A /* MJConst.h */ = {isa = PBXFileReference; fileEncoding = 4; lastKnownFileType = sourcecode.c.h; path = MJConst.h; sourceTree = "<group>"; };
		DF616D591A776AEC00733B9A /* MJConst.m */ = {isa = PBXFileReference; fileEncoding = 4; lastKnownFileType = sourcecode.c.objc; path = MJConst.m; sourceTree = "<group>"; };
		DF616D5A1A776AEC00733B9A /* MJExtension.h */ = {isa = PBXFileReference; fileEncoding = 4; lastKnownFileType = sourcecode.c.h; path = MJExtension.h; sourceTree = "<group>"; };
		DF616D5B1A776AEC00733B9A /* MJFoundation.h */ = {isa = PBXFileReference; fileEncoding = 4; lastKnownFileType = sourcecode.c.h; path = MJFoundation.h; sourceTree = "<group>"; };
		DF616D5C1A776AEC00733B9A /* MJFoundation.m */ = {isa = PBXFileReference; fileEncoding = 4; lastKnownFileType = sourcecode.c.objc; path = MJFoundation.m; sourceTree = "<group>"; };
		DF616D5D1A776AEC00733B9A /* MJIvar.h */ = {isa = PBXFileReference; fileEncoding = 4; lastKnownFileType = sourcecode.c.h; path = MJIvar.h; sourceTree = "<group>"; };
		DF616D5E1A776AEC00733B9A /* MJIvar.m */ = {isa = PBXFileReference; fileEncoding = 4; lastKnownFileType = sourcecode.c.objc; path = MJIvar.m; sourceTree = "<group>"; };
		DF616D5F1A776AEC00733B9A /* MJType.h */ = {isa = PBXFileReference; fileEncoding = 4; lastKnownFileType = sourcecode.c.h; path = MJType.h; sourceTree = "<group>"; };
		DF616D601A776AEC00733B9A /* MJType.m */ = {isa = PBXFileReference; fileEncoding = 4; lastKnownFileType = sourcecode.c.objc; path = MJType.m; sourceTree = "<group>"; };
		DF616D611A776AEC00733B9A /* NSObject+MJCoding.h */ = {isa = PBXFileReference; fileEncoding = 4; lastKnownFileType = sourcecode.c.h; path = "NSObject+MJCoding.h"; sourceTree = "<group>"; };
		DF616D621A776AEC00733B9A /* NSObject+MJCoding.m */ = {isa = PBXFileReference; fileEncoding = 4; lastKnownFileType = sourcecode.c.objc; path = "NSObject+MJCoding.m"; sourceTree = "<group>"; };
		DF616D631A776AEC00733B9A /* NSObject+MJIvar.h */ = {isa = PBXFileReference; fileEncoding = 4; lastKnownFileType = sourcecode.c.h; path = "NSObject+MJIvar.h"; sourceTree = "<group>"; };
		DF616D641A776AEC00733B9A /* NSObject+MJIvar.m */ = {isa = PBXFileReference; fileEncoding = 4; lastKnownFileType = sourcecode.c.objc; path = "NSObject+MJIvar.m"; sourceTree = "<group>"; };
		DF616D651A776AEC00733B9A /* NSObject+MJKeyValue.h */ = {isa = PBXFileReference; fileEncoding = 4; lastKnownFileType = sourcecode.c.h; path = "NSObject+MJKeyValue.h"; sourceTree = "<group>"; };
		DF616D661A776AEC00733B9A /* NSObject+MJKeyValue.m */ = {isa = PBXFileReference; fileEncoding = 4; lastKnownFileType = sourcecode.c.objc; path = "NSObject+MJKeyValue.m"; sourceTree = "<group>"; };
		DFB808951A8060B3005FB46E /* net_100x70-1.png */ = {isa = PBXFileReference; lastKnownFileType = image.png; path = "net_100x70-1.png"; sourceTree = "<group>"; };
		DFB8089A1A8072F6005FB46E /* RegisterVC.h */ = {isa = PBXFileReference; fileEncoding = 4; lastKnownFileType = sourcecode.c.h; path = RegisterVC.h; sourceTree = "<group>"; };
		DFB8089B1A8072F6005FB46E /* RegisterVC.m */ = {isa = PBXFileReference; fileEncoding = 4; lastKnownFileType = sourcecode.c.objc; path = RegisterVC.m; sourceTree = "<group>"; };
		DFBC51BD1A70A1CE005F2961 /* BuyRootVC.h */ = {isa = PBXFileReference; fileEncoding = 4; lastKnownFileType = sourcecode.c.h; path = BuyRootVC.h; sourceTree = "<group>"; };
		DFBC51BE1A70A1CE005F2961 /* BuyRootVC.m */ = {isa = PBXFileReference; fileEncoding = 4; lastKnownFileType = sourcecode.c.objc; path = BuyRootVC.m; sourceTree = "<group>"; };
		DFBC51C01A70A32A005F2961 /* ConnNetRootVC.h */ = {isa = PBXFileReference; fileEncoding = 4; lastKnownFileType = sourcecode.c.h; path = ConnNetRootVC.h; sourceTree = "<group>"; };
		DFBC51C11A70A32A005F2961 /* ConnNetRootVC.m */ = {isa = PBXFileReference; fileEncoding = 4; lastKnownFileType = sourcecode.c.objc; path = ConnNetRootVC.m; sourceTree = "<group>"; };
		DFCBA2251A5D160A00C86EFC /* Wlan.app */ = {isa = PBXFileReference; explicitFileType = wrapper.application; includeInIndex = 0; path = Wlan.app; sourceTree = BUILT_PRODUCTS_DIR; };
		DFCBA2281A5D160A00C86EFC /* Foundation.framework */ = {isa = PBXFileReference; lastKnownFileType = wrapper.framework; name = Foundation.framework; path = System/Library/Frameworks/Foundation.framework; sourceTree = SDKROOT; };
		DFCBA22A1A5D160A00C86EFC /* CoreGraphics.framework */ = {isa = PBXFileReference; lastKnownFileType = wrapper.framework; name = CoreGraphics.framework; path = System/Library/Frameworks/CoreGraphics.framework; sourceTree = SDKROOT; };
		DFCBA22C1A5D160A00C86EFC /* UIKit.framework */ = {isa = PBXFileReference; lastKnownFileType = wrapper.framework; name = UIKit.framework; path = System/Library/Frameworks/UIKit.framework; sourceTree = SDKROOT; };
		DFCBA2301A5D160A00C86EFC /* Wlan-Info.plist */ = {isa = PBXFileReference; lastKnownFileType = text.plist.xml; path = "Wlan-Info.plist"; sourceTree = "<group>"; };
		DFCBA2321A5D160A00C86EFC /* en */ = {isa = PBXFileReference; lastKnownFileType = text.plist.strings; name = en; path = en.lproj/InfoPlist.strings; sourceTree = "<group>"; };
		DFCBA2341A5D160A00C86EFC /* main.m */ = {isa = PBXFileReference; lastKnownFileType = sourcecode.c.objc; path = main.m; sourceTree = "<group>"; };
		DFCBA2361A5D160A00C86EFC /* Wlan-Prefix.pch */ = {isa = PBXFileReference; lastKnownFileType = sourcecode.c.h; path = "Wlan-Prefix.pch"; sourceTree = "<group>"; };
		DFCBA2371A5D160A00C86EFC /* AppDelegate.h */ = {isa = PBXFileReference; lastKnownFileType = sourcecode.c.h; path = AppDelegate.h; sourceTree = "<group>"; };
		DFCBA2381A5D160A00C86EFC /* AppDelegate.m */ = {isa = PBXFileReference; lastKnownFileType = sourcecode.c.objc; path = AppDelegate.m; sourceTree = "<group>"; };
		DFCBA23A1A5D160A00C86EFC /* Images.xcassets */ = {isa = PBXFileReference; lastKnownFileType = folder.assetcatalog; path = Images.xcassets; sourceTree = "<group>"; };
		DFCBA2401A5D160A00C86EFC /* WlanTests.xctest */ = {isa = PBXFileReference; explicitFileType = wrapper.cfbundle; includeInIndex = 0; path = WlanTests.xctest; sourceTree = BUILT_PRODUCTS_DIR; };
		DFCBA2411A5D160A00C86EFC /* XCTest.framework */ = {isa = PBXFileReference; lastKnownFileType = wrapper.framework; name = XCTest.framework; path = Library/Frameworks/XCTest.framework; sourceTree = DEVELOPER_DIR; };
		DFCBA2491A5D160A00C86EFC /* WlanTests-Info.plist */ = {isa = PBXFileReference; lastKnownFileType = text.plist.xml; path = "WlanTests-Info.plist"; sourceTree = "<group>"; };
		DFCBA24B1A5D160A00C86EFC /* en */ = {isa = PBXFileReference; lastKnownFileType = text.plist.strings; name = en; path = en.lproj/InfoPlist.strings; sourceTree = "<group>"; };
		DFCBA24D1A5D160A00C86EFC /* WlanTests.m */ = {isa = PBXFileReference; lastKnownFileType = sourcecode.c.objc; path = WlanTests.m; sourceTree = "<group>"; };
		DFCBA25A1A5D177000C86EFC /* MoreRootVC.h */ = {isa = PBXFileReference; fileEncoding = 4; lastKnownFileType = sourcecode.c.h; path = MoreRootVC.h; sourceTree = "<group>"; };
		DFCBA25B1A5D177000C86EFC /* MoreRootVC.m */ = {isa = PBXFileReference; fileEncoding = 4; lastKnownFileType = sourcecode.c.objc; path = MoreRootVC.m; sourceTree = "<group>"; };
		DFCBA25C1A5D177000C86EFC /* PersonRootVC.h */ = {isa = PBXFileReference; fileEncoding = 4; lastKnownFileType = sourcecode.c.h; path = PersonRootVC.h; sourceTree = "<group>"; };
		DFCBA25D1A5D177000C86EFC /* PersonRootVC.m */ = {isa = PBXFileReference; fileEncoding = 4; lastKnownFileType = sourcecode.c.objc; path = PersonRootVC.m; sourceTree = "<group>"; };
		DFCBA25E1A5D177000C86EFC /* RootTabVC.h */ = {isa = PBXFileReference; fileEncoding = 4; lastKnownFileType = sourcecode.c.h; path = RootTabVC.h; sourceTree = "<group>"; };
		DFCBA25F1A5D177000C86EFC /* RootTabVC.m */ = {isa = PBXFileReference; fileEncoding = 4; lastKnownFileType = sourcecode.c.objc; path = RootTabVC.m; sourceTree = "<group>"; };
		DFCBA2621A5D177000C86EFC /* me_normal@2x.png */ = {isa = PBXFileReference; lastKnownFileType = image.png; path = "me_normal@2x.png"; sourceTree = "<group>"; };
		DFCBA2631A5D177000C86EFC /* me_selected@2x.png */ = {isa = PBXFileReference; lastKnownFileType = image.png; path = "me_selected@2x.png"; sourceTree = "<group>"; };
		DFCBA2641A5D177000C86EFC /* privatemessage_normal@2x.png */ = {isa = PBXFileReference; lastKnownFileType = image.png; path = "privatemessage_normal@2x.png"; sourceTree = "<group>"; };
		DFCBA2651A5D177000C86EFC /* privatemessage_selected@2x.png */ = {isa = PBXFileReference; lastKnownFileType = image.png; path = "privatemessage_selected@2x.png"; sourceTree = "<group>"; };
		DFCBA2661A5D177000C86EFC /* tabbar_background@2x.png */ = {isa = PBXFileReference; lastKnownFileType = image.png; path = "tabbar_background@2x.png"; sourceTree = "<group>"; };
		DFCBA26A1A5D177000C86EFC /* NSData+MKBase64.h */ = {isa = PBXFileReference; fileEncoding = 4; lastKnownFileType = sourcecode.c.h; path = "NSData+MKBase64.h"; sourceTree = "<group>"; };
		DFCBA26B1A5D177000C86EFC /* NSData+MKBase64.m */ = {isa = PBXFileReference; fileEncoding = 4; lastKnownFileType = sourcecode.c.objc; path = "NSData+MKBase64.m"; sourceTree = "<group>"; };
		DFCBA26C1A5D177000C86EFC /* NSDate+RFC1123.h */ = {isa = PBXFileReference; fileEncoding = 4; lastKnownFileType = sourcecode.c.h; path = "NSDate+RFC1123.h"; sourceTree = "<group>"; };
		DFCBA26D1A5D177000C86EFC /* NSDate+RFC1123.m */ = {isa = PBXFileReference; fileEncoding = 4; lastKnownFileType = sourcecode.c.objc; path = "NSDate+RFC1123.m"; sourceTree = "<group>"; };
		DFCBA26E1A5D177000C86EFC /* NSDictionary+RequestEncoding.h */ = {isa = PBXFileReference; fileEncoding = 4; lastKnownFileType = sourcecode.c.h; path = "NSDictionary+RequestEncoding.h"; sourceTree = "<group>"; };
		DFCBA26F1A5D177000C86EFC /* NSDictionary+RequestEncoding.m */ = {isa = PBXFileReference; fileEncoding = 4; lastKnownFileType = sourcecode.c.objc; path = "NSDictionary+RequestEncoding.m"; sourceTree = "<group>"; };
		DFCBA2701A5D177000C86EFC /* NSString+MKNetworkKitAdditions.h */ = {isa = PBXFileReference; fileEncoding = 4; lastKnownFileType = sourcecode.c.h; path = "NSString+MKNetworkKitAdditions.h"; sourceTree = "<group>"; };
		DFCBA2711A5D177000C86EFC /* NSString+MKNetworkKitAdditions.m */ = {isa = PBXFileReference; fileEncoding = 4; lastKnownFileType = sourcecode.c.objc; path = "NSString+MKNetworkKitAdditions.m"; sourceTree = "<group>"; };
		DFCBA2721A5D177000C86EFC /* UIAlertView+MKNetworkKitAdditions.h */ = {isa = PBXFileReference; fileEncoding = 4; lastKnownFileType = sourcecode.c.h; path = "UIAlertView+MKNetworkKitAdditions.h"; sourceTree = "<group>"; };
		DFCBA2731A5D177000C86EFC /* UIAlertView+MKNetworkKitAdditions.m */ = {isa = PBXFileReference; fileEncoding = 4; lastKnownFileType = sourcecode.c.objc; path = "UIAlertView+MKNetworkKitAdditions.m"; sourceTree = "<group>"; };
		DFCBA2741A5D177000C86EFC /* MKNetworkEngine.h */ = {isa = PBXFileReference; fileEncoding = 4; lastKnownFileType = sourcecode.c.h; path = MKNetworkEngine.h; sourceTree = "<group>"; };
		DFCBA2751A5D177000C86EFC /* MKNetworkEngine.m */ = {isa = PBXFileReference; fileEncoding = 4; lastKnownFileType = sourcecode.c.objc; path = MKNetworkEngine.m; sourceTree = "<group>"; };
		DFCBA2761A5D177000C86EFC /* MKNetworkKit.h */ = {isa = PBXFileReference; fileEncoding = 4; lastKnownFileType = sourcecode.c.h; path = MKNetworkKit.h; sourceTree = "<group>"; };
		DFCBA2771A5D177000C86EFC /* MKNetworkOperation.h */ = {isa = PBXFileReference; fileEncoding = 4; lastKnownFileType = sourcecode.c.h; path = MKNetworkOperation.h; sourceTree = "<group>"; };
		DFCBA2781A5D177000C86EFC /* MKNetworkOperation.m */ = {isa = PBXFileReference; fileEncoding = 4; lastKnownFileType = sourcecode.c.objc; path = MKNetworkOperation.m; sourceTree = "<group>"; };
		DFCBA27A1A5D177000C86EFC /* Reachability.h */ = {isa = PBXFileReference; fileEncoding = 4; lastKnownFileType = sourcecode.c.h; path = Reachability.h; sourceTree = "<group>"; };
		DFCBA27B1A5D177000C86EFC /* Reachability.m */ = {isa = PBXFileReference; fileEncoding = 4; lastKnownFileType = sourcecode.c.objc; path = Reachability.m; sourceTree = "<group>"; };
		DFCBA27D1A5D177000C86EFC /* RDVTabBar.h */ = {isa = PBXFileReference; fileEncoding = 4; lastKnownFileType = sourcecode.c.h; path = RDVTabBar.h; sourceTree = "<group>"; };
		DFCBA27E1A5D177000C86EFC /* RDVTabBar.m */ = {isa = PBXFileReference; fileEncoding = 4; lastKnownFileType = sourcecode.c.objc; path = RDVTabBar.m; sourceTree = "<group>"; };
		DFCBA27F1A5D177000C86EFC /* RDVTabBarController.h */ = {isa = PBXFileReference; fileEncoding = 4; lastKnownFileType = sourcecode.c.h; path = RDVTabBarController.h; sourceTree = "<group>"; };
		DFCBA2801A5D177000C86EFC /* RDVTabBarController.m */ = {isa = PBXFileReference; fileEncoding = 4; lastKnownFileType = sourcecode.c.objc; path = RDVTabBarController.m; sourceTree = "<group>"; };
		DFCBA2811A5D177000C86EFC /* RDVTabBarItem.h */ = {isa = PBXFileReference; fileEncoding = 4; lastKnownFileType = sourcecode.c.h; path = RDVTabBarItem.h; sourceTree = "<group>"; };
		DFCBA2821A5D177000C86EFC /* RDVTabBarItem.m */ = {isa = PBXFileReference; fileEncoding = 4; lastKnownFileType = sourcecode.c.objc; path = RDVTabBarItem.m; sourceTree = "<group>"; };
		DFCBA2841A5D177000C86EFC /* Login.h */ = {isa = PBXFileReference; fileEncoding = 4; lastKnownFileType = sourcecode.c.h; path = Login.h; sourceTree = "<group>"; };
		DFCBA2851A5D177000C86EFC /* Login.m */ = {isa = PBXFileReference; fileEncoding = 4; lastKnownFileType = sourcecode.c.objc; path = Login.m; sourceTree = "<group>"; };
		DFCBA2861A5D177000C86EFC /* User.h */ = {isa = PBXFileReference; fileEncoding = 4; lastKnownFileType = sourcecode.c.h; path = User.h; sourceTree = "<group>"; };
		DFCBA2871A5D177000C86EFC /* User.m */ = {isa = PBXFileReference; fileEncoding = 4; lastKnownFileType = sourcecode.c.objc; path = User.m; sourceTree = "<group>"; };
		DFCBA29E1A5D18A400C86EFC /* CFNetwork.framework */ = {isa = PBXFileReference; lastKnownFileType = wrapper.framework; name = CFNetwork.framework; path = System/Library/Frameworks/CFNetwork.framework; sourceTree = SDKROOT; };
		DFCBA2A01A5D18B400C86EFC /* SystemConfiguration.framework */ = {isa = PBXFileReference; lastKnownFileType = wrapper.framework; name = SystemConfiguration.framework; path = System/Library/Frameworks/SystemConfiguration.framework; sourceTree = SDKROOT; };
		DFCBA2A21A5D18C800C86EFC /* Security.framework */ = {isa = PBXFileReference; lastKnownFileType = wrapper.framework; name = Security.framework; path = System/Library/Frameworks/Security.framework; sourceTree = SDKROOT; };
/* End PBXFileReference section */

/* Begin PBXFrameworksBuildPhase section */
		DFCBA2221A5D160A00C86EFC /* Frameworks */ = {
			isa = PBXFrameworksBuildPhase;
			buildActionMask = 2147483647;
			files = (
				DFCBA2A31A5D18C800C86EFC /* Security.framework in Frameworks */,
				DFCBA2A11A5D18B400C86EFC /* SystemConfiguration.framework in Frameworks */,
				DFCBA29F1A5D18A400C86EFC /* CFNetwork.framework in Frameworks */,
				DFCBA22B1A5D160A00C86EFC /* CoreGraphics.framework in Frameworks */,
				DFCBA22D1A5D160A00C86EFC /* UIKit.framework in Frameworks */,
				DFCBA2291A5D160A00C86EFC /* Foundation.framework in Frameworks */,
			);
			runOnlyForDeploymentPostprocessing = 0;
		};
		DFCBA23D1A5D160A00C86EFC /* Frameworks */ = {
			isa = PBXFrameworksBuildPhase;
			buildActionMask = 2147483647;
			files = (
				DFCBA2421A5D160A00C86EFC /* XCTest.framework in Frameworks */,
				DFCBA2441A5D160A00C86EFC /* UIKit.framework in Frameworks */,
				DFCBA2431A5D160A00C86EFC /* Foundation.framework in Frameworks */,
			);
			runOnlyForDeploymentPostprocessing = 0;
		};
/* End PBXFrameworksBuildPhase section */

/* Begin PBXGroup section */
		DF616D571A776AEC00733B9A /* MJExtension */ = {
			isa = PBXGroup;
			children = (
				DF616D581A776AEC00733B9A /* MJConst.h */,
				DF616D591A776AEC00733B9A /* MJConst.m */,
				DF616D5A1A776AEC00733B9A /* MJExtension.h */,
				DF616D5B1A776AEC00733B9A /* MJFoundation.h */,
				DF616D5C1A776AEC00733B9A /* MJFoundation.m */,
				DF616D5D1A776AEC00733B9A /* MJIvar.h */,
				DF616D5E1A776AEC00733B9A /* MJIvar.m */,
				DF616D5F1A776AEC00733B9A /* MJType.h */,
				DF616D601A776AEC00733B9A /* MJType.m */,
				DF616D611A776AEC00733B9A /* NSObject+MJCoding.h */,
				DF616D621A776AEC00733B9A /* NSObject+MJCoding.m */,
				DF616D631A776AEC00733B9A /* NSObject+MJIvar.h */,
				DF616D641A776AEC00733B9A /* NSObject+MJIvar.m */,
				DF616D651A776AEC00733B9A /* NSObject+MJKeyValue.h */,
				DF616D661A776AEC00733B9A /* NSObject+MJKeyValue.m */,
			);
			path = MJExtension;
			sourceTree = "<group>";
		};
		DFCBA21C1A5D160A00C86EFC = {
			isa = PBXGroup;
			children = (
				DFCBA22E1A5D160A00C86EFC /* Wlan */,
				DFCBA2471A5D160A00C86EFC /* WlanTests */,
				DFCBA2271A5D160A00C86EFC /* Frameworks */,
				DFCBA2261A5D160A00C86EFC /* Products */,
			);
			sourceTree = "<group>";
		};
		DFCBA2261A5D160A00C86EFC /* Products */ = {
			isa = PBXGroup;
			children = (
				DFCBA2251A5D160A00C86EFC /* Wlan.app */,
				DFCBA2401A5D160A00C86EFC /* WlanTests.xctest */,
			);
			name = Products;
			sourceTree = "<group>";
		};
		DFCBA2271A5D160A00C86EFC /* Frameworks */ = {
			isa = PBXGroup;
			children = (
				DFCBA2A21A5D18C800C86EFC /* Security.framework */,
				DFCBA2A01A5D18B400C86EFC /* SystemConfiguration.framework */,
				DFCBA29E1A5D18A400C86EFC /* CFNetwork.framework */,
				DFCBA2281A5D160A00C86EFC /* Foundation.framework */,
				DFCBA22A1A5D160A00C86EFC /* CoreGraphics.framework */,
				DFCBA22C1A5D160A00C86EFC /* UIKit.framework */,
				DFCBA2411A5D160A00C86EFC /* XCTest.framework */,
			);
			name = Frameworks;
			sourceTree = "<group>";
		};
		DFCBA22E1A5D160A00C86EFC /* Wlan */ = {
			isa = PBXGroup;
			children = (
				DFCBA2571A5D177000C86EFC /* Controllers */,
				DFCBA2601A5D177000C86EFC /* Image */,
				DFCBA2671A5D177000C86EFC /* Lib */,
				DFCBA2831A5D177000C86EFC /* Model */,
				DFCBA2371A5D160A00C86EFC /* AppDelegate.h */,
				DFCBA2381A5D160A00C86EFC /* AppDelegate.m */,
				DFCBA23A1A5D160A00C86EFC /* Images.xcassets */,
				DFCBA22F1A5D160A00C86EFC /* Supporting Files */,
			);
			path = Wlan;
			sourceTree = "<group>";
		};
		DFCBA22F1A5D160A00C86EFC /* Supporting Files */ = {
			isa = PBXGroup;
			children = (
				DFCBA2301A5D160A00C86EFC /* Wlan-Info.plist */,
				DFCBA2311A5D160A00C86EFC /* InfoPlist.strings */,
				DFCBA2341A5D160A00C86EFC /* main.m */,
				DFCBA2361A5D160A00C86EFC /* Wlan-Prefix.pch */,
			);
			name = "Supporting Files";
			sourceTree = "<group>";
		};
		DFCBA2471A5D160A00C86EFC /* WlanTests */ = {
			isa = PBXGroup;
			children = (
				DFCBA24D1A5D160A00C86EFC /* WlanTests.m */,
				DFCBA2481A5D160A00C86EFC /* Supporting Files */,
			);
			path = WlanTests;
			sourceTree = "<group>";
		};
		DFCBA2481A5D160A00C86EFC /* Supporting Files */ = {
			isa = PBXGroup;
			children = (
				DFCBA2491A5D160A00C86EFC /* WlanTests-Info.plist */,
				DFCBA24A1A5D160A00C86EFC /* InfoPlist.strings */,
			);
			name = "Supporting Files";
			sourceTree = "<group>";
		};
		DFCBA2571A5D177000C86EFC /* Controllers */ = {
			isa = PBXGroup;
			children = (
				DFBC51BD1A70A1CE005F2961 /* BuyRootVC.h */,
				DFBC51BE1A70A1CE005F2961 /* BuyRootVC.m */,
				DFCBA25A1A5D177000C86EFC /* MoreRootVC.h */,
				DFCBA25B1A5D177000C86EFC /* MoreRootVC.m */,
				DFCBA25C1A5D177000C86EFC /* PersonRootVC.h */,
				DFCBA25D1A5D177000C86EFC /* PersonRootVC.m */,
				DFBC51C01A70A32A005F2961 /* ConnNetRootVC.h */,
				DFBC51C11A70A32A005F2961 /* ConnNetRootVC.m */,
				DFCBA25E1A5D177000C86EFC /* RootTabVC.h */,
				DFCBA25F1A5D177000C86EFC /* RootTabVC.m */,
				DFB8089A1A8072F6005FB46E /* RegisterVC.h */,
				DFB8089B1A8072F6005FB46E /* RegisterVC.m */,
			);
			path = Controllers;
			sourceTree = "<group>";
		};
		DFCBA2601A5D177000C86EFC /* Image */ = {
			isa = PBXGroup;
			children = (
				DFCBA2611A5D177000C86EFC /* tabbar */,
			);
			path = Image;
			sourceTree = "<group>";
		};
		DFCBA2611A5D177000C86EFC /* tabbar */ = {
			isa = PBXGroup;
			children = (
				DFB808951A8060B3005FB46E /* net_100x70-1.png */,
				DFCBA2621A5D177000C86EFC /* me_normal@2x.png */,
				DFCBA2631A5D177000C86EFC /* me_selected@2x.png */,
				DFCBA2641A5D177000C86EFC /* privatemessage_normal@2x.png */,
				DFCBA2651A5D177000C86EFC /* privatemessage_selected@2x.png */,
				DFCBA2661A5D177000C86EFC /* tabbar_background@2x.png */,
			);
			path = tabbar;
			sourceTree = "<group>";
		};
		DFCBA2671A5D177000C86EFC /* Lib */ = {
			isa = PBXGroup;
			children = (
				DF616D571A776AEC00733B9A /* MJExtension */,
				DFCBA2681A5D177000C86EFC /* MKNetworkKit */,
				DFCBA27C1A5D177000C86EFC /* RDVTabBarController */,
			);
			path = Lib;
			sourceTree = "<group>";
		};
		DFCBA2681A5D177000C86EFC /* MKNetworkKit */ = {
			isa = PBXGroup;
			children = (
				DFCBA2691A5D177000C86EFC /* Categories */,
				DFCBA2741A5D177000C86EFC /* MKNetworkEngine.h */,
				DFCBA2751A5D177000C86EFC /* MKNetworkEngine.m */,
				DFCBA2761A5D177000C86EFC /* MKNetworkKit.h */,
				DFCBA2771A5D177000C86EFC /* MKNetworkOperation.h */,
				DFCBA2781A5D177000C86EFC /* MKNetworkOperation.m */,
				DFCBA2791A5D177000C86EFC /* Reachability */,
			);
			path = MKNetworkKit;
			sourceTree = "<group>";
		};
		DFCBA2691A5D177000C86EFC /* Categories */ = {
			isa = PBXGroup;
			children = (
				DFCBA26A1A5D177000C86EFC /* NSData+MKBase64.h */,
				DFCBA26B1A5D177000C86EFC /* NSData+MKBase64.m */,
				DFCBA26C1A5D177000C86EFC /* NSDate+RFC1123.h */,
				DFCBA26D1A5D177000C86EFC /* NSDate+RFC1123.m */,
				DFCBA26E1A5D177000C86EFC /* NSDictionary+RequestEncoding.h */,
				DFCBA26F1A5D177000C86EFC /* NSDictionary+RequestEncoding.m */,
				DFCBA2701A5D177000C86EFC /* NSString+MKNetworkKitAdditions.h */,
				DFCBA2711A5D177000C86EFC /* NSString+MKNetworkKitAdditions.m */,
				DFCBA2721A5D177000C86EFC /* UIAlertView+MKNetworkKitAdditions.h */,
				DFCBA2731A5D177000C86EFC /* UIAlertView+MKNetworkKitAdditions.m */,
			);
			path = Categories;
			sourceTree = "<group>";
		};
		DFCBA2791A5D177000C86EFC /* Reachability */ = {
			isa = PBXGroup;
			children = (
				DFCBA27A1A5D177000C86EFC /* Reachability.h */,
				DFCBA27B1A5D177000C86EFC /* Reachability.m */,
			);
			path = Reachability;
			sourceTree = "<group>";
		};
		DFCBA27C1A5D177000C86EFC /* RDVTabBarController */ = {
			isa = PBXGroup;
			children = (
				DFCBA27D1A5D177000C86EFC /* RDVTabBar.h */,
				DFCBA27E1A5D177000C86EFC /* RDVTabBar.m */,
				DFCBA27F1A5D177000C86EFC /* RDVTabBarController.h */,
				DFCBA2801A5D177000C86EFC /* RDVTabBarController.m */,
				DFCBA2811A5D177000C86EFC /* RDVTabBarItem.h */,
				DFCBA2821A5D177000C86EFC /* RDVTabBarItem.m */,
			);
			path = RDVTabBarController;
			sourceTree = "<group>";
		};
		DFCBA2831A5D177000C86EFC /* Model */ = {
			isa = PBXGroup;
			children = (
				DFCBA2841A5D177000C86EFC /* Login.h */,
				DFCBA2851A5D177000C86EFC /* Login.m */,
				DFCBA2861A5D177000C86EFC /* User.h */,
				DFCBA2871A5D177000C86EFC /* User.m */,
			);
			path = Model;
			sourceTree = "<group>";
		};
/* End PBXGroup section */

/* Begin PBXNativeTarget section */
		DFCBA2241A5D160A00C86EFC /* Wlan */ = {
			isa = PBXNativeTarget;
			buildConfigurationList = DFCBA2511A5D160A00C86EFC /* Build configuration list for PBXNativeTarget "Wlan" */;
			buildPhases = (
				DFCBA2211A5D160A00C86EFC /* Sources */,
				DFCBA2221A5D160A00C86EFC /* Frameworks */,
				DFCBA2231A5D160A00C86EFC /* Resources */,
			);
			buildRules = (
			);
			dependencies = (
			);
			name = Wlan;
			productName = Wlan;
			productReference = DFCBA2251A5D160A00C86EFC /* Wlan.app */;
			productType = "com.apple.product-type.application";
		};
		DFCBA23F1A5D160A00C86EFC /* WlanTests */ = {
			isa = PBXNativeTarget;
			buildConfigurationList = DFCBA2541A5D160A00C86EFC /* Build configuration list for PBXNativeTarget "WlanTests" */;
			buildPhases = (
				DFCBA23C1A5D160A00C86EFC /* Sources */,
				DFCBA23D1A5D160A00C86EFC /* Frameworks */,
				DFCBA23E1A5D160A00C86EFC /* Resources */,
			);
			buildRules = (
			);
			dependencies = (
				DFCBA2461A5D160A00C86EFC /* PBXTargetDependency */,
			);
			name = WlanTests;
			productName = WlanTests;
			productReference = DFCBA2401A5D160A00C86EFC /* WlanTests.xctest */;
			productType = "com.apple.product-type.bundle.unit-test";
		};
/* End PBXNativeTarget section */

/* Begin PBXProject section */
		DFCBA21D1A5D160A00C86EFC /* Project object */ = {
			isa = PBXProject;
			attributes = {
				LastUpgradeCheck = 0510;
				ORGANIZATIONNAME = "Ralbatr Yi";
				TargetAttributes = {
					DFCBA2241A5D160A00C86EFC = {
						DevelopmentTeam = 6A83N4S6EW;
					};
					DFCBA23F1A5D160A00C86EFC = {
						TestTargetID = DFCBA2241A5D160A00C86EFC;
					};
				};
			};
			buildConfigurationList = DFCBA2201A5D160A00C86EFC /* Build configuration list for PBXProject "Wlan" */;
			compatibilityVersion = "Xcode 3.2";
			developmentRegion = English;
			hasScannedForEncodings = 0;
			knownRegions = (
				en,
			);
			mainGroup = DFCBA21C1A5D160A00C86EFC;
			productRefGroup = DFCBA2261A5D160A00C86EFC /* Products */;
			projectDirPath = "";
			projectRoot = "";
			targets = (
				DFCBA2241A5D160A00C86EFC /* Wlan */,
				DFCBA23F1A5D160A00C86EFC /* WlanTests */,
			);
		};
/* End PBXProject section */

/* Begin PBXResourcesBuildPhase section */
		DFCBA2231A5D160A00C86EFC /* Resources */ = {
			isa = PBXResourcesBuildPhase;
			buildActionMask = 2147483647;
			files = (
				DFCBA2331A5D160A00C86EFC /* InfoPlist.strings in Resources */,
				DFCBA28D1A5D177000C86EFC /* me_selected@2x.png in Resources */,
				DFCBA2901A5D177000C86EFC /* tabbar_background@2x.png in Resources */,
				DFCBA28E1A5D177000C86EFC /* privatemessage_normal@2x.png in Resources */,
				DFCBA28F1A5D177000C86EFC /* privatemessage_selected@2x.png in Resources */,
				DFCBA23B1A5D160A00C86EFC /* Images.xcassets in Resources */,
				DFCBA28C1A5D177000C86EFC /* me_normal@2x.png in Resources */,
				DFB808961A8060B3005FB46E /* net_100x70-1.png in Resources */,
			);
			runOnlyForDeploymentPostprocessing = 0;
		};
		DFCBA23E1A5D160A00C86EFC /* Resources */ = {
			isa = PBXResourcesBuildPhase;
			buildActionMask = 2147483647;
			files = (
				DFCBA24C1A5D160A00C86EFC /* InfoPlist.strings in Resources */,
			);
			runOnlyForDeploymentPostprocessing = 0;
		};
/* End PBXResourcesBuildPhase section */

/* Begin PBXSourcesBuildPhase section */
		DFCBA2211A5D160A00C86EFC /* Sources */ = {
			isa = PBXSourcesBuildPhase;
			buildActionMask = 2147483647;
			files = (
				DFCBA2391A5D160A00C86EFC /* AppDelegate.m in Sources */,
				DF616D681A776AEC00733B9A /* MJFoundation.m in Sources */,
				DFCBA2931A5D177000C86EFC /* NSDictionary+RequestEncoding.m in Sources */,
				DFCBA2951A5D177000C86EFC /* UIAlertView+MKNetworkKitAdditions.m in Sources */,
				DF616D6A1A776AEC00733B9A /* MJType.m in Sources */,
				DFCBA29C1A5D177000C86EFC /* Login.m in Sources */,
				DFCBA2971A5D177000C86EFC /* MKNetworkOperation.m in Sources */,
				DFCBA2351A5D160A00C86EFC /* main.m in Sources */,
				DFCBA29B1A5D177000C86EFC /* RDVTabBarItem.m in Sources */,
				DFB8089C1A8072F6005FB46E /* RegisterVC.m in Sources */,
				DFBC51BF1A70A1CE005F2961 /* BuyRootVC.m in Sources */,
				DF616D6C1A776AEC00733B9A /* NSObject+MJIvar.m in Sources */,
				DFBC51C21A70A32A005F2961 /* ConnNetRootVC.m in Sources */,
				DFCBA2961A5D177000C86EFC /* MKNetworkEngine.m in Sources */,
				DF616D6D1A776AEC00733B9A /* NSObject+MJKeyValue.m in Sources */,
				DFCBA28B1A5D177000C86EFC /* RootTabVC.m in Sources */,
				DFCBA2991A5D177000C86EFC /* RDVTabBar.m in Sources */,
				DF616D6B1A776AEC00733B9A /* NSObject+MJCoding.m in Sources */,
				DFCBA28A1A5D177000C86EFC /* PersonRootVC.m in Sources */,
				DFCBA2911A5D177000C86EFC /* NSData+MKBase64.m in Sources */,
				DFCBA2981A5D177000C86EFC /* Reachability.m in Sources */,
				DFCBA29A1A5D177000C86EFC /* RDVTabBarController.m in Sources */,
				DF616D671A776AEC00733B9A /* MJConst.m in Sources */,
				DFCBA29D1A5D177000C86EFC /* User.m in Sources */,
				DFCBA2891A5D177000C86EFC /* MoreRootVC.m in Sources */,
				DFCBA2941A5D177000C86EFC /* NSString+MKNetworkKitAdditions.m in Sources */,
				DF616D691A776AEC00733B9A /* MJIvar.m in Sources */,
				DFCBA2921A5D177000C86EFC /* NSDate+RFC1123.m in Sources */,
			);
			runOnlyForDeploymentPostprocessing = 0;
		};
		DFCBA23C1A5D160A00C86EFC /* Sources */ = {
			isa = PBXSourcesBuildPhase;
			buildActionMask = 2147483647;
			files = (
				DFCBA24E1A5D160A00C86EFC /* WlanTests.m in Sources */,
			);
			runOnlyForDeploymentPostprocessing = 0;
		};
/* End PBXSourcesBuildPhase section */

/* Begin PBXTargetDependency section */
		DFCBA2461A5D160A00C86EFC /* PBXTargetDependency */ = {
			isa = PBXTargetDependency;
			target = DFCBA2241A5D160A00C86EFC /* Wlan */;
			targetProxy = DFCBA2451A5D160A00C86EFC /* PBXContainerItemProxy */;
		};
/* End PBXTargetDependency section */

/* Begin PBXVariantGroup section */
		DFCBA2311A5D160A00C86EFC /* InfoPlist.strings */ = {
			isa = PBXVariantGroup;
			children = (
				DFCBA2321A5D160A00C86EFC /* en */,
			);
			name = InfoPlist.strings;
			sourceTree = "<group>";
		};
		DFCBA24A1A5D160A00C86EFC /* InfoPlist.strings */ = {
			isa = PBXVariantGroup;
			children = (
				DFCBA24B1A5D160A00C86EFC /* en */,
			);
			name = InfoPlist.strings;
			sourceTree = "<group>";
		};
/* End PBXVariantGroup section */

/* Begin XCBuildConfiguration section */
		DFCBA24F1A5D160A00C86EFC /* Debug */ = {
			isa = XCBuildConfiguration;
			buildSettings = {
				ALWAYS_SEARCH_USER_PATHS = NO;
				CLANG_CXX_LANGUAGE_STANDARD = "gnu++0x";
				CLANG_CXX_LIBRARY = "libc++";
				CLANG_ENABLE_MODULES = YES;
				CLANG_ENABLE_OBJC_ARC = YES;
				CLANG_WARN_BOOL_CONVERSION = YES;
				CLANG_WARN_CONSTANT_CONVERSION = YES;
				CLANG_WARN_DIRECT_OBJC_ISA_USAGE = YES_ERROR;
				CLANG_WARN_EMPTY_BODY = YES;
				CLANG_WARN_ENUM_CONVERSION = YES;
				CLANG_WARN_INT_CONVERSION = YES;
				CLANG_WARN_OBJC_ROOT_CLASS = YES_ERROR;
				CLANG_WARN__DUPLICATE_METHOD_MATCH = YES;
				"CODE_SIGN_IDENTITY[sdk=iphoneos*]" = "iPhone Developer";
				COPY_PHASE_STRIP = NO;
				GCC_C_LANGUAGE_STANDARD = gnu99;
				GCC_DYNAMIC_NO_PIC = NO;
				GCC_OPTIMIZATION_LEVEL = 0;
				GCC_PREPROCESSOR_DEFINITIONS = (
					"DEBUG=1",
					"$(inherited)",
				);
				GCC_SYMBOLS_PRIVATE_EXTERN = NO;
				GCC_WARN_64_TO_32_BIT_CONVERSION = YES;
				GCC_WARN_ABOUT_RETURN_TYPE = YES_ERROR;
				GCC_WARN_UNDECLARED_SELECTOR = YES;
				GCC_WARN_UNINITIALIZED_AUTOS = YES_AGGRESSIVE;
				GCC_WARN_UNUSED_FUNCTION = YES;
				GCC_WARN_UNUSED_VARIABLE = YES;
				IPHONEOS_DEPLOYMENT_TARGET = 7.1;
				ONLY_ACTIVE_ARCH = YES;
				SDKROOT = iphoneos;
			};
			name = Debug;
		};
		DFCBA2501A5D160A00C86EFC /* Release */ = {
			isa = XCBuildConfiguration;
			buildSettings = {
				ALWAYS_SEARCH_USER_PATHS = NO;
				CLANG_CXX_LANGUAGE_STANDARD = "gnu++0x";
				CLANG_CXX_LIBRARY = "libc++";
				CLANG_ENABLE_MODULES = YES;
				CLANG_ENABLE_OBJC_ARC = YES;
				CLANG_WARN_BOOL_CONVERSION = YES;
				CLANG_WARN_CONSTANT_CONVERSION = YES;
				CLANG_WARN_DIRECT_OBJC_ISA_USAGE = YES_ERROR;
				CLANG_WARN_EMPTY_BODY = YES;
				CLANG_WARN_ENUM_CONVERSION = YES;
				CLANG_WARN_INT_CONVERSION = YES;
				CLANG_WARN_OBJC_ROOT_CLASS = YES_ERROR;
				CLANG_WARN__DUPLICATE_METHOD_MATCH = YES;
				"CODE_SIGN_IDENTITY[sdk=iphoneos*]" = "iPhone Developer";
				COPY_PHASE_STRIP = YES;
				ENABLE_NS_ASSERTIONS = NO;
				GCC_C_LANGUAGE_STANDARD = gnu99;
				GCC_WARN_64_TO_32_BIT_CONVERSION = YES;
				GCC_WARN_ABOUT_RETURN_TYPE = YES_ERROR;
				GCC_WARN_UNDECLARED_SELECTOR = YES;
				GCC_WARN_UNINITIALIZED_AUTOS = YES_AGGRESSIVE;
				GCC_WARN_UNUSED_FUNCTION = YES;
				GCC_WARN_UNUSED_VARIABLE = YES;
				IPHONEOS_DEPLOYMENT_TARGET = 7.1;
				SDKROOT = iphoneos;
				VALIDATE_PRODUCT = YES;
			};
			name = Release;
		};
		DFCBA2521A5D160A00C86EFC /* Debug */ = {
			isa = XCBuildConfiguration;
			buildSettings = {
				ASSETCATALOG_COMPILER_APPICON_NAME = AppIcon;
				ASSETCATALOG_COMPILER_LAUNCHIMAGE_NAME = LaunchImage;
				CODE_SIGN_IDENTITY = "iPhone Developer";
				GCC_PRECOMPILE_PREFIX_HEADER = YES;
				GCC_PREFIX_HEADER = "Wlan/Wlan-Prefix.pch";
				INFOPLIST_FILE = "Wlan/Wlan-Info.plist";
				PRODUCT_NAME = "$(TARGET_NAME)";
				WRAPPER_EXTENSION = app;
			};
			name = Debug;
		};
		DFCBA2531A5D160A00C86EFC /* Release */ = {
			isa = XCBuildConfiguration;
			buildSettings = {
				ASSETCATALOG_COMPILER_APPICON_NAME = AppIcon;
				ASSETCATALOG_COMPILER_LAUNCHIMAGE_NAME = LaunchImage;
				CODE_SIGN_IDENTITY = "iPhone Developer";
				GCC_PRECOMPILE_PREFIX_HEADER = YES;
				GCC_PREFIX_HEADER = "Wlan/Wlan-Prefix.pch";
				INFOPLIST_FILE = "Wlan/Wlan-Info.plist";
				PRODUCT_NAME = "$(TARGET_NAME)";
				WRAPPER_EXTENSION = app;
			};
			name = Release;
		};
		DFCBA2551A5D160A00C86EFC /* Debug */ = {
			isa = XCBuildConfiguration;
			buildSettings = {
				BUNDLE_LOADER = "$(BUILT_PRODUCTS_DIR)/Wlan.app/Wlan";
				FRAMEWORK_SEARCH_PATHS = (
					"$(SDKROOT)/Developer/Library/Frameworks",
					"$(inherited)",
					"$(DEVELOPER_FRAMEWORKS_DIR)",
				);
				GCC_PRECOMPILE_PREFIX_HEADER = YES;
				GCC_PREFIX_HEADER = "Wlan/Wlan-Prefix.pch";
				GCC_PREPROCESSOR_DEFINITIONS = (
					"DEBUG=1",
					"$(inherited)",
				);
				INFOPLIST_FILE = "WlanTests/WlanTests-Info.plist";
				PRODUCT_NAME = "$(TARGET_NAME)";
				TEST_HOST = "$(BUNDLE_LOADER)";
				WRAPPER_EXTENSION = xctest;
			};
			name = Debug;
		};
		DFCBA2561A5D160A00C86EFC /* Release */ = {
			isa = XCBuildConfiguration;
			buildSettings = {
				BUNDLE_LOADER = "$(BUILT_PRODUCTS_DIR)/Wlan.app/Wlan";
				FRAMEWORK_SEARCH_PATHS = (
					"$(SDKROOT)/Developer/Library/Frameworks",
					"$(inherited)",
					"$(DEVELOPER_FRAMEWORKS_DIR)",
				);
				GCC_PRECOMPILE_PREFIX_HEADER = YES;
				GCC_PREFIX_HEADER = "Wlan/Wlan-Prefix.pch";
				INFOPLIST_FILE = "WlanTests/WlanTests-Info.plist";
				PRODUCT_NAME = "$(TARGET_NAME)";
				TEST_HOST = "$(BUNDLE_LOADER)";
				WRAPPER_EXTENSION = xctest;
			};
			name = Release;
		};
/* End XCBuildConfiguration section */

/* Begin XCConfigurationList section */
		DFCBA2201A5D160A00C86EFC /* Build configuration list for PBXProject "Wlan" */ = {
			isa = XCConfigurationList;
			buildConfigurations = (
				DFCBA24F1A5D160A00C86EFC /* Debug */,
				DFCBA2501A5D160A00C86EFC /* Release */,
			);
			defaultConfigurationIsVisible = 0;
			defaultConfigurationName = Release;
		};
		DFCBA2511A5D160A00C86EFC /* Build configuration list for PBXNativeTarget "Wlan" */ = {
			isa = XCConfigurationList;
			buildConfigurations = (
				DFCBA2521A5D160A00C86EFC /* Debug */,
				DFCBA2531A5D160A00C86EFC /* Release */,
			);
			defaultConfigurationIsVisible = 0;
			defaultConfigurationName = Release;
		};
		DFCBA2541A5D160A00C86EFC /* Build configuration list for PBXNativeTarget "WlanTests" */ = {
			isa = XCConfigurationList;
			buildConfigurations = (
				DFCBA2551A5D160A00C86EFC /* Debug */,
				DFCBA2561A5D160A00C86EFC /* Release */,
			);
			defaultConfigurationIsVisible = 0;
			defaultConfigurationName = Release;
		};
/* End XCConfigurationList section */
	};
	rootObject = DFCBA21D1A5D160A00C86EFC /* Project object */;
}
